// !$*UTF8*$!
{
	archiveVersion = 1;
	classes = {
	};
	objectVersion = 46;
	objects = {

/* Begin PBXBuildFile section */
		CB4A95D21DAD5554000E7923 /* AddRestaurantViewController.swift in Sources */ = {isa = PBXBuildFile; fileRef = CB4A95D11DAD5554000E7923 /* AddRestaurantViewController.swift */; };
		CB54F0FA1E164583009E1CB7 /* FoodPin.xcdatamodeld in Sources */ = {isa = PBXBuildFile; fileRef = CB54F0F81E164583009E1CB7 /* FoodPin.xcdatamodeld */; };
		CB5AD7171DA94E7B00C42D13 /* MapKit.framework in Frameworks */ = {isa = PBXBuildFile; fileRef = CB5AD7161DA94E7B00C42D13 /* MapKit.framework */; };
		CB5AD7191DAA81D400C42D13 /* MapViewController.swift in Sources */ = {isa = PBXBuildFile; fileRef = CB5AD7181DAA81D400C42D13 /* MapViewController.swift */; };
		CB80FF1B1D8EECE300D7B259 /* AppDelegate.swift in Sources */ = {isa = PBXBuildFile; fileRef = CB80FF1A1D8EECE300D7B259 /* AppDelegate.swift */; };
		CB80FF201D8EECE300D7B259 /* Main.storyboard in Resources */ = {isa = PBXBuildFile; fileRef = CB80FF1E1D8EECE300D7B259 /* Main.storyboard */; };
		CB80FF221D8EECE300D7B259 /* Assets.xcassets in Resources */ = {isa = PBXBuildFile; fileRef = CB80FF211D8EECE300D7B259 /* Assets.xcassets */; };
		CB80FF251D8EECE300D7B259 /* LaunchScreen.storyboard in Resources */ = {isa = PBXBuildFile; fileRef = CB80FF231D8EECE300D7B259 /* LaunchScreen.storyboard */; };
		CB80FF2D1D8EEDEA00D7B259 /* RestaurantTableViewController.swift in Sources */ = {isa = PBXBuildFile; fileRef = CB80FF2C1D8EEDEA00D7B259 /* RestaurantTableViewController.swift */; };
		CB80FF2F1D8FB3EE00D7B259 /* RestaurantTableViewCell.swift in Sources */ = {isa = PBXBuildFile; fileRef = CB80FF2E1D8FB3EE00D7B259 /* RestaurantTableViewCell.swift */; };
		CBA645C71D96F81A00B6D454 /* Restaurant.swift in Sources */ = {isa = PBXBuildFile; fileRef = CBA645C61D96F81A00B6D454 /* Restaurant.swift */; };
		CBA645C91D984ADB00B6D454 /* RestaurantDetailTableViewCell.swift in Sources */ = {isa = PBXBuildFile; fileRef = CBA645C81D984ADB00B6D454 /* RestaurantDetailTableViewCell.swift */; };
		CBD901E21D94FEEC00AF110C /* RestaurantDetailViewController.swift in Sources */ = {isa = PBXBuildFile; fileRef = CBD901E11D94FEEC00AF110C /* RestaurantDetailViewController.swift */; };
		CBFD83451DA168D000EBAB47 /* ReviewViewController.swift in Sources */ = {isa = PBXBuildFile; fileRef = CBFD83441DA168D000EBAB47 /* ReviewViewController.swift */; };
/* End PBXBuildFile section */

/* Begin PBXFileReference section */
		CB4A95D11DAD5554000E7923 /* AddRestaurantViewController.swift */ = {isa = PBXFileReference; fileEncoding = 4; lastKnownFileType = sourcecode.swift; path = AddRestaurantViewController.swift; sourceTree = "<group>"; };
		CB54F0F91E164583009E1CB7 /* FoodPin.xcdatamodel */ = {isa = PBXFileReference; lastKnownFileType = wrapper.xcdatamodel; path = FoodPin.xcdatamodel; sourceTree = "<group>"; };
		CB5AD7161DA94E7B00C42D13 /* MapKit.framework */ = {isa = PBXFileReference; lastKnownFileType = wrapper.framework; name = MapKit.framework; path = System/Library/Frameworks/MapKit.framework; sourceTree = SDKROOT; };
		CB5AD7181DAA81D400C42D13 /* MapViewController.swift */ = {isa = PBXFileReference; fileEncoding = 4; lastKnownFileType = sourcecode.swift; name = MapViewController.swift; path = ../MapViewController.swift; sourceTree = "<group>"; };
		CB80FF171D8EECE300D7B259 /* FoodPin.app */ = {isa = PBXFileReference; explicitFileType = wrapper.application; includeInIndex = 0; path = FoodPin.app; sourceTree = BUILT_PRODUCTS_DIR; };
		CB80FF1A1D8EECE300D7B259 /* AppDelegate.swift */ = {isa = PBXFileReference; lastKnownFileType = sourcecode.swift; path = AppDelegate.swift; sourceTree = "<group>"; };
		CB80FF1F1D8EECE300D7B259 /* Base */ = {isa = PBXFileReference; lastKnownFileType = file.storyboard; name = Base; path = Base.lproj/Main.storyboard; sourceTree = "<group>"; };
		CB80FF211D8EECE300D7B259 /* Assets.xcassets */ = {isa = PBXFileReference; lastKnownFileType = folder.assetcatalog; path = Assets.xcassets; sourceTree = "<group>"; };
		CB80FF241D8EECE300D7B259 /* Base */ = {isa = PBXFileReference; lastKnownFileType = file.storyboard; name = Base; path = Base.lproj/LaunchScreen.storyboard; sourceTree = "<group>"; };
		CB80FF261D8EECE400D7B259 /* Info.plist */ = {isa = PBXFileReference; lastKnownFileType = text.plist.xml; path = Info.plist; sourceTree = "<group>"; };
		CB80FF2C1D8EEDEA00D7B259 /* RestaurantTableViewController.swift */ = {isa = PBXFileReference; fileEncoding = 4; lastKnownFileType = sourcecode.swift; path = RestaurantTableViewController.swift; sourceTree = "<group>"; };
		CB80FF2E1D8FB3EE00D7B259 /* RestaurantTableViewCell.swift */ = {isa = PBXFileReference; fileEncoding = 4; lastKnownFileType = sourcecode.swift; path = RestaurantTableViewCell.swift; sourceTree = "<group>"; };
		CBA645C61D96F81A00B6D454 /* Restaurant.swift */ = {isa = PBXFileReference; fileEncoding = 4; lastKnownFileType = sourcecode.swift; path = Restaurant.swift; sourceTree = "<group>"; };
		CBA645C81D984ADB00B6D454 /* RestaurantDetailTableViewCell.swift */ = {isa = PBXFileReference; fileEncoding = 4; lastKnownFileType = sourcecode.swift; path = RestaurantDetailTableViewCell.swift; sourceTree = "<group>"; };
		CBD901E11D94FEEC00AF110C /* RestaurantDetailViewController.swift */ = {isa = PBXFileReference; fileEncoding = 4; lastKnownFileType = sourcecode.swift; path = RestaurantDetailViewController.swift; sourceTree = "<group>"; };
		CBFD83441DA168D000EBAB47 /* ReviewViewController.swift */ = {isa = PBXFileReference; fileEncoding = 4; lastKnownFileType = sourcecode.swift; path = ReviewViewController.swift; sourceTree = "<group>"; };
/* End PBXFileReference section */

/* Begin PBXFrameworksBuildPhase section */
		CB80FF141D8EECE300D7B259 /* Frameworks */ = {
			isa = PBXFrameworksBuildPhase;
			buildActionMask = 2147483647;
			files = (
				CB5AD7171DA94E7B00C42D13 /* MapKit.framework in Frameworks */,
			);
			runOnlyForDeploymentPostprocessing = 0;
		};
/* End PBXFrameworksBuildPhase section */

/* Begin PBXGroup section */
		CB5AD7151DA94E7B00C42D13 /* Frameworks */ = {
			isa = PBXGroup;
			children = (
				CB5AD7161DA94E7B00C42D13 /* MapKit.framework */,
			);
			name = Frameworks;
			sourceTree = "<group>";
		};
		CB80FF0E1D8EECE300D7B259 = {
			isa = PBXGroup;
			children = (
				CB80FF191D8EECE300D7B259 /* FoodPin */,
				CB80FF181D8EECE300D7B259 /* Products */,
				CB5AD7151DA94E7B00C42D13 /* Frameworks */,
			);
			sourceTree = "<group>";
		};
		CB80FF181D8EECE300D7B259 /* Products */ = {
			isa = PBXGroup;
			children = (
				CB80FF171D8EECE300D7B259 /* FoodPin.app */,
			);
			name = Products;
			sourceTree = "<group>";
		};
		CB80FF191D8EECE300D7B259 /* FoodPin */ = {
			isa = PBXGroup;
			children = (
				CBB63F991DA498850040CE29 /* DefinedClass */,
				CBD901E01D94FCDD00AF110C /* ViewControllers */,
				CB80FF1A1D8EECE300D7B259 /* AppDelegate.swift */,
				CB80FF1E1D8EECE300D7B259 /* Main.storyboard */,
				CB80FF211D8EECE300D7B259 /* Assets.xcassets */,
				CB80FF231D8EECE300D7B259 /* LaunchScreen.storyboard */,
				CB80FF261D8EECE400D7B259 /* Info.plist */,
				CB54F0F81E164583009E1CB7 /* FoodPin.xcdatamodeld */,
			);
			path = FoodPin;
			sourceTree = "<group>";
		};
		CBB63F991DA498850040CE29 /* DefinedClass */ = {
			isa = PBXGroup;
			children = (
				CBA645C61D96F81A00B6D454 /* Restaurant.swift */,
			);
			name = DefinedClass;
			sourceTree = "<group>";
		};
		CBD901E01D94FCDD00AF110C /* ViewControllers */ = {
			isa = PBXGroup;
			children = (
				CB80FF2E1D8FB3EE00D7B259 /* RestaurantTableViewCell.swift */,
				CB80FF2C1D8EEDEA00D7B259 /* RestaurantTableViewController.swift */,
				CBD901E11D94FEEC00AF110C /* RestaurantDetailViewController.swift */,
				CBA645C81D984ADB00B6D454 /* RestaurantDetailTableViewCell.swift */,
				CBFD83441DA168D000EBAB47 /* ReviewViewController.swift */,
				CB5AD7181DAA81D400C42D13 /* MapViewController.swift */,
				CB4A95D11DAD5554000E7923 /* AddRestaurantViewController.swift */,
			);
			name = ViewControllers;
			sourceTree = "<group>";
		};
/* End PBXGroup section */

/* Begin PBXNativeTarget section */
		CB80FF161D8EECE300D7B259 /* FoodPin */ = {
			isa = PBXNativeTarget;
			buildConfigurationList = CB80FF291D8EECE400D7B259 /* Build configuration list for PBXNativeTarget "FoodPin" */;
			buildPhases = (
				CB80FF131D8EECE300D7B259 /* Sources */,
				CB80FF141D8EECE300D7B259 /* Frameworks */,
				CB80FF151D8EECE300D7B259 /* Resources */,
			);
			buildRules = (
			);
			dependencies = (
			);
			name = FoodPin;
			productName = FoodPin;
			productReference = CB80FF171D8EECE300D7B259 /* FoodPin.app */;
			productType = "com.apple.product-type.application";
		};
/* End PBXNativeTarget section */

/* Begin PBXProject section */
		CB80FF0F1D8EECE300D7B259 /* Project object */ = {
			isa = PBXProject;
			attributes = {
				LastSwiftUpdateCheck = 0800;
				LastUpgradeCheck = 0820;
				ORGANIZATIONNAME = Ollie;
				TargetAttributes = {
					CB80FF161D8EECE300D7B259 = {
						CreatedOnToolsVersion = 8.0;
						DevelopmentTeam = 56YR5YS5T2;
						ProvisioningStyle = Automatic;
						SystemCapabilities = {
							com.apple.Maps.iOS = {
								enabled = 1;
							};
						};
					};
				};
			};
			buildConfigurationList = CB80FF121D8EECE300D7B259 /* Build configuration list for PBXProject "FoodPin" */;
			compatibilityVersion = "Xcode 3.2";
			developmentRegion = English;
			hasScannedForEncodings = 0;
			knownRegions = (
				en,
				Base,
			);
			mainGroup = CB80FF0E1D8EECE300D7B259;
			productRefGroup = CB80FF181D8EECE300D7B259 /* Products */;
			projectDirPath = "";
			projectRoot = "";
			targets = (
				CB80FF161D8EECE300D7B259 /* FoodPin */,
			);
		};
/* End PBXProject section */

/* Begin PBXResourcesBuildPhase section */
		CB80FF151D8EECE300D7B259 /* Resources */ = {
			isa = PBXResourcesBuildPhase;
			buildActionMask = 2147483647;
			files = (
				CB80FF251D8EECE300D7B259 /* LaunchScreen.storyboard in Resources */,
				CB80FF221D8EECE300D7B259 /* Assets.xcassets in Resources */,
				CB80FF201D8EECE300D7B259 /* Main.storyboard in Resources */,
			);
			runOnlyForDeploymentPostprocessing = 0;
		};
/* End PBXResourcesBuildPhase section */

/* Begin PBXSourcesBuildPhase section */
		CB80FF131D8EECE300D7B259 /* Sources */ = {
			isa = PBXSourcesBuildPhase;
			buildActionMask = 2147483647;
			files = (
				CBA645C71D96F81A00B6D454 /* Restaurant.swift in Sources */,
				CB80FF2D1D8EEDEA00D7B259 /* RestaurantTableViewController.swift in Sources */,
				CBFD83451DA168D000EBAB47 /* ReviewViewController.swift in Sources */,
				CB80FF2F1D8FB3EE00D7B259 /* RestaurantTableViewCell.swift in Sources */,
				CBA645C91D984ADB00B6D454 /* RestaurantDetailTableViewCell.swift in Sources */,
				CB54F0FA1E164583009E1CB7 /* FoodPin.xcdatamodeld in Sources */,
				CB4A95D21DAD5554000E7923 /* AddRestaurantViewController.swift in Sources */,
				CBD901E21D94FEEC00AF110C /* RestaurantDetailViewController.swift in Sources */,
				CB80FF1B1D8EECE300D7B259 /* AppDelegate.swift in Sources */,
				CB5AD7191DAA81D400C42D13 /* MapViewController.swift in Sources */,
			);
			runOnlyForDeploymentPostprocessing = 0;
		};
/* End PBXSourcesBuildPhase section */

/* Begin PBXVariantGroup section */
		CB80FF1E1D8EECE300D7B259 /* Main.storyboard */ = {
			isa = PBXVariantGroup;
			children = (
				CB80FF1F1D8EECE300D7B259 /* Base */,
			);
			name = Main.storyboard;
			sourceTree = "<group>";
		};
		CB80FF231D8EECE300D7B259 /* LaunchScreen.storyboard */ = {
			isa = PBXVariantGroup;
			children = (
				CB80FF241D8EECE300D7B259 /* Base */,
			);
			name = LaunchScreen.storyboard;
			sourceTree = "<group>";
		};
/* End PBXVariantGroup section */

/* Begin XCBuildConfiguration section */
		CB80FF271D8EECE400D7B259 /* Debug */ = {
			isa = XCBuildConfiguration;
			buildSettings = {
				ALWAYS_SEARCH_USER_PATHS = NO;
				CLANG_ANALYZER_NONNULL = YES;
				CLANG_CXX_LANGUAGE_STANDARD = "gnu++0x";
				CLANG_CXX_LIBRARY = "libc++";
				CLANG_ENABLE_MODULES = YES;
				CLANG_ENABLE_OBJC_ARC = YES;
				CLANG_WARN_BOOL_CONVERSION = YES;
				CLANG_WARN_CONSTANT_CONVERSION = YES;
				CLANG_WARN_DIRECT_OBJC_ISA_USAGE = YES_ERROR;
				CLANG_WARN_DOCUMENTATION_COMMENTS = YES;
				CLANG_WARN_EMPTY_BODY = YES;
				CLANG_WARN_ENUM_CONVERSION = YES;
				CLANG_WARN_INFINITE_RECURSION = YES;
				CLANG_WARN_INT_CONVERSION = YES;
				CLANG_WARN_OBJC_ROOT_CLASS = YES_ERROR;
				CLANG_WARN_SUSPICIOUS_MOVE = YES;
				CLANG_WARN_SUSPICIOUS_MOVES = YES;
				CLANG_WARN_UNREACHABLE_CODE = YES;
				CLANG_WARN__DUPLICATE_METHOD_MATCH = YES;
				"CODE_SIGN_IDENTITY[sdk=iphoneos*]" = "iPhone Developer";
				COPY_PHASE_STRIP = NO;
				DEBUG_INFORMATION_FORMAT = dwarf;
				ENABLE_STRICT_OBJC_MSGSEND = YES;
				ENABLE_TESTABILITY = YES;
				GCC_C_LANGUAGE_STANDARD = gnu99;
				GCC_DYNAMIC_NO_PIC = NO;
				GCC_NO_COMMON_BLOCKS = YES;
				GCC_OPTIMIZATION_LEVEL = 0;
				GCC_PREPROCESSOR_DEFINITIONS = (
					"DEBUG=1",
					"$(inherited)",
				);
				GCC_WARN_64_TO_32_BIT_CONVERSION = YES;
				GCC_WARN_ABOUT_RETURN_TYPE = YES_ERROR;
				GCC_WARN_UNDECLARED_SELECTOR = YES;
				GCC_WARN_UNINITIALIZED_AUTOS = YES_AGGRESSIVE;
				GCC_WARN_UNUSED_FUNCTION = YES;
				GCC_WARN_UNUSED_VARIABLE = YES;
				IPHONEOS_DEPLOYMENT_TARGET = 10.0;
				MTL_ENABLE_DEBUG_INFO = YES;
				ONLY_ACTIVE_ARCH = YES;
				SDKROOT = iphoneos;
				SWIFT_ACTIVE_COMPILATION_CONDITIONS = DEBUG;
				SWIFT_OPTIMIZATION_LEVEL = "-Onone";
			};
			name = Debug;
		};
		CB80FF281D8EECE400D7B259 /* Release */ = {
			isa = XCBuildConfiguration;
			buildSettings = {
				ALWAYS_SEARCH_USER_PATHS = NO;
				CLANG_ANALYZER_NONNULL = YES;
				CLANG_CXX_LANGUAGE_STANDARD = "gnu++0x";
				CLANG_CXX_LIBRARY = "libc++";
				CLANG_ENABLE_MODULES = YES;
				CLANG_ENABLE_OBJC_ARC = YES;
				CLANG_WARN_BOOL_CONVERSION = YES;
				CLANG_WARN_CONSTANT_CONVERSION = YES;
				CLANG_WARN_DIRECT_OBJC_ISA_USAGE = YES_ERROR;
				CLANG_WARN_DOCUMENTATION_COMMENTS = YES;
				CLANG_WARN_EMPTY_BODY = YES;
				CLANG_WARN_ENUM_CONVERSION = YES;
				CLANG_WARN_INFINITE_RECURSION = YES;
				CLANG_WARN_INT_CONVERSION = YES;
				CLANG_WARN_OBJC_ROOT_CLASS = YES_ERROR;
				CLANG_WARN_SUSPICIOUS_MOVE = YES;
				CLANG_WARN_SUSPICIOUS_MOVES = YES;
				CLANG_WARN_UNREACHABLE_CODE = YES;
				CLANG_WARN__DUPLICATE_METHOD_MATCH = YES;
				"CODE_SIGN_IDENTITY[sdk=iphoneos*]" = "iPhone Developer";
				COPY_PHASE_STRIP = NO;
				DEBUG_INFORMATION_FORMAT = "dwarf-with-dsym";
				ENABLE_NS_ASSERTIONS = NO;
				ENABLE_STRICT_OBJC_MSGSEND = YES;
				GCC_C_LANGUAGE_STANDARD = gnu99;
				GCC_NO_COMMON_BLOCKS = YES;
				GCC_OPTIMIZATION_LEVEL = 0;
				GCC_WARN_64_TO_32_BIT_CONVERSION = YES;
				GCC_WARN_ABOUT_RETURN_TYPE = YES_ERROR;
				GCC_WARN_UNDECLARED_SELECTOR = YES;
				GCC_WARN_UNINITIALIZED_AUTOS = YES_AGGRESSIVE;
				GCC_WARN_UNUSED_FUNCTION = YES;
				GCC_WARN_UNUSED_VARIABLE = YES;
				IPHONEOS_DEPLOYMENT_TARGET = 10.0;
				MTL_ENABLE_DEBUG_INFO = NO;
				SDKROOT = iphoneos;
				SWIFT_OPTIMIZATION_LEVEL = "-Owholemodule";
				VALIDATE_PRODUCT = YES;
			};
			name = Release;
		};
		CB80FF2A1D8EECE400D7B259 /* Debug */ = {
			isa = XCBuildConfiguration;
			buildSettings = {
				ASSETCATALOG_COMPILER_APPICON_NAME = AppIcon;
				DEVELOPMENT_TEAM = 56YR5YS5T2;
				INFOPLIST_FILE = FoodPin/Info.plist;
				IPHONEOS_DEPLOYMENT_TARGET = 10.0;
				LD_RUNPATH_SEARCH_PATHS = "$(inherited) @executable_path/Frameworks";
				PRODUCT_BUNDLE_IDENTIFIER = co.alphacamp.FoodPin;
				PRODUCT_NAME = "$(TARGET_NAME)";
				SWIFT_VERSION = 3.0;
			};
			name = Debug;
		};
		CB80FF2B1D8EECE400D7B259 /* Release */ = {
			isa = XCBuildConfiguration;
			buildSettings = {
				ASSETCATALOG_COMPILER_APPICON_NAME = AppIcon;
				DEVELOPMENT_TEAM = 56YR5YS5T2;
				INFOPLIST_FILE = FoodPin/Info.plist;
				IPHONEOS_DEPLOYMENT_TARGET = 10.0;
				LD_RUNPATH_SEARCH_PATHS = "$(inherited) @executable_path/Frameworks";
				PRODUCT_BUNDLE_IDENTIFIER = co.alphacamp.FoodPin;
				PRODUCT_NAME = "$(TARGET_NAME)";
				SWIFT_VERSION = 3.0;
			};
			name = Release;
		};
/* End XCBuildConfiguration section */

/* Begin XCConfigurationList section */
		CB80FF121D8EECE300D7B259 /* Build configuration list for PBXProject "FoodPin" */ = {
			isa = XCConfigurationList;
			buildConfigurations = (
				CB80FF271D8EECE400D7B259 /* Debug */,
				CB80FF281D8EECE400D7B259 /* Release */,
			);
			defaultConfigurationIsVisible = 0;
			defaultConfigurationName = Release;
		};
		CB80FF291D8EECE400D7B259 /* Build configuration list for PBXNativeTarget "FoodPin" */ = {
			isa = XCConfigurationList;
			buildConfigurations = (
				CB80FF2A1D8EECE400D7B259 /* Debug */,
				CB80FF2B1D8EECE400D7B259 /* Release */,
			);
			defaultConfigurationIsVisible = 0;
			defaultConfigurationName = Release;
		};
/* End XCConfigurationList section */

/* Begin XCVersionGroup section */
		CB54F0F81E164583009E1CB7 /* FoodPin.xcdatamodeld */ = {
			isa = XCVersionGroup;
			children = (
				CB54F0F91E164583009E1CB7 /* FoodPin.xcdatamodel */,
			);
			currentVersion = CB54F0F91E164583009E1CB7 /* FoodPin.xcdatamodel */;
			path = FoodPin.xcdatamodeld;
			sourceTree = "<group>";
			versionGroupType = wrapper.xcdatamodel;
		};
/* End XCVersionGroup section */
	};
	rootObject = CB80FF0F1D8EECE300D7B259 /* Project object */;
}
